
Microsoft Visual Studio Solution File, Format Version 12.00
# Visual Studio Version 17
VisualStudioVersion = 17.5.33627.172
MinimumVisualStudioVersion = 10.0.40219.1
Project("{9A19103F-16F7-4668-BE54-9A1E7A4F7556}") = "Dell Thermal Monitor", "DeskBand\Dell Thermal Monitor.csproj", "{48AC5A26-264C-4FF6-B6AF-20876034F1C2}"
EndProject
Project("{9A19103F-16F7-4668-BE54-9A1E7A4F7556}") = "Win32", "Win32\Win32.csproj", "{4E3F63A9-DE6C-42E6-BD1A-4B8736D8F8C3}"
EndProject
Project("{9A19103F-16F7-4668-BE54-9A1E7A4F7556}") = "Modules.Translation", "Modules.Translation\Modules.Translation.csproj", "{008CE0E8-D40D-4300-8424-2F77C85C1BF0}"
EndProject
Global
	GlobalSection(SolutionConfigurationPlatforms) = preSolution
		Debug|Any CPU = Debug|Any CPU
		Debug|x64 = Debug|x64
		Debug|x86 = Debug|x86
		Release|Any CPU = Release|Any CPU
		Release|x64 = Release|x64
		Release|x86 = Release|x86
	EndGlobalSection
	GlobalSection(ProjectConfigurationPlatforms) = postSolution
		{48AC5A26-264C-4FF6-B6AF-20876034F1C2}.Debug|Any CPU.ActiveCfg = Debug|Any CPU
		{48AC5A26-264C-4FF6-B6AF-20876034F1C2}.Debug|Any CPU.Build.0 = Debug|Any CPU
		{48AC5A26-264C-4FF6-B6AF-20876034F1C2}.Debug|x64.ActiveCfg = Debug|x64
		{48AC5A26-264C-4FF6-B6AF-20876034F1C2}.Debug|x64.Build.0 = Debug|x64
		{48AC5A26-264C-4FF6-B6AF-20876034F1C2}.Debug|x86.ActiveCfg = Debug|x86
		{48AC5A26-264C-4FF6-B6AF-20876034F1C2}.Debug|x86.Build.0 = Debug|x86
		{48AC5A26-264C-4FF6-B6AF-20876034F1C2}.Release|Any CPU.ActiveCfg = Release|Any CPU
		{48AC5A26-264C-4FF6-B6AF-20876034F1C2}.Release|Any CPU.Build.0 = Release|Any CPU
		{48AC5A26-264C-4FF6-B6AF-20876034F1C2}.Release|x64.ActiveCfg = Release|x64
		{48AC5A26-264C-4FF6-B6AF-20876034F1C2}.Release|x64.Build.0 = Release|x64
		{48AC5A26-264C-4FF6-B6AF-20876034F1C2}.Release|x86.ActiveCfg = Release|x86
		{48AC5A26-264C-4FF6-B6AF-20876034F1C2}.Release|x86.Build.0 = Release|x86
		{4E3F63A9-DE6C-42E6-BD1A-4B8736D8F8C3}.Debug|Any CPU.ActiveCfg = Debug|Any CPU
		{4E3F63A9-DE6C-42E6-BD1A-4B8736D8F8C3}.Debug|Any CPU.Build.0 = Debug|Any CPU
		{4E3F63A9-DE6C-42E6-BD1A-4B8736D8F8C3}.Debug|x64.ActiveCfg = Debug|x64
		{4E3F63A9-DE6C-42E6-BD1A-4B8736D8F8C3}.Debug|x64.Build.0 = Debug|x64
		{4E3F63A9-DE6C-42E6-BD1A-4B8736D8F8C3}.Debug|x86.ActiveCfg = Debug|x86
		{4E3F63A9-DE6C-42E6-BD1A-4B8736D8F8C3}.Debug|x86.Build.0 = Debug|x86
		{4E3F63A9-DE6C-42E6-BD1A-4B8736D8F8C3}.Release|Any CPU.ActiveCfg = Release|Any CPU
		{4E3F63A9-DE6C-42E6-BD1A-4B8736D8F8C3}.Release|Any CPU.Build.0 = Release|Any CPU
		{4E3F63A9-DE6C-42E6-BD1A-4B8736D8F8C3}.Release|x64.ActiveCfg = Release|x64
		{4E3F63A9-DE6C-42E6-BD1A-4B8736D8F8C3}.Release|x64.Build.0 = Release|x64
		{4E3F63A9-DE6C-42E6-BD1A-4B8736D8F8C3}.Release|x86.ActiveCfg = Release|x86
		{4E3F63A9-DE6C-42E6-BD1A-4B8736D8F8C3}.Release|x86.Build.0 = Release|x86
		{008CE0E8-D40D-4300-8424-2F77C85C1BF0}.Debug|Any CPU.ActiveCfg = Debug|Any CPU
		{008CE0E8-D40D-4300-8424-2F77C85C1BF0}.Debug|Any CPU.Build.0 = Debug|Any CPU
		{008CE0E8-D40D-4300-8424-2F77C85C1BF0}.Debug|x64.ActiveCfg = Debug|x64
		{008CE0E8-D40D-4300-8424-2F77C85C1BF0}.Debug|x64.Build.0 = Debug|x64
		{008CE0E8-D40D-4300-8424-2F77C85C1BF0}.Debug|x86.ActiveCfg = Debug|x86
		{008CE0E8-D40D-4300-8424-2F77C85C1BF0}.Debug|x86.Build.0 = Debug|x86
		{008CE0E8-D40D-4300-8424-2F77C85C1BF0}.Release|Any CPU.ActiveCfg = Release|Any CPU
		{008CE0E8-D40D-4300-8424-2F77C85C1BF0}.Release|Any CPU.Build.0 = Release|Any CPU
		{008CE0E8-D40D-4300-8424-2F77C85C1BF0}.Release|x64.ActiveCfg = Release|x64
		{008CE0E8-D40D-4300-8424-2F77C85C1BF0}.Release|x64.Build.0 = Release|x64
		{008CE0E8-D40D-4300-8424-2F77C85C1BF0}.Release|x86.ActiveCfg = Release|x86
		{008CE0E8-D40D-4300-8424-2F77C85C1BF0}.Release|x86.Build.0 = Release|x86
	EndGlobalSection
	GlobalSection(SolutionProperties) = preSolution
		HideSolutionNode = FALSE
	EndGlobalSection
	GlobalSection(ExtensibilityGlobals) = postSolution
		SolutionGuid = {F3589732-FA93-4413-ADDF-75941F2EB729}
	EndGlobalSection
EndGlobal
