
Microsoft Visual Studio Solution File, Format Version 12.00
# Visual Studio Version 16
VisualStudioVersion = 16.0.31112.23
MinimumVisualStudioVersion = 10.0.40219.1
Project("{9A19103F-16F7-4668-BE54-9A1E7A4F7556}") = "DeskBand", "DeskBand\DeskBand.csproj", "{48AC5A26-264C-4FF6-B6AF-20876034F1C2}"
EndProject
Project("{9A19103F-16F7-4668-BE54-9A1E7A4F7556}") = "Win32", "Win32\Win32.csproj", "{4E3F63A9-DE6C-42E6-BD1A-4B8736D8F8C3}"
EndProject
Project("{9A19103F-16F7-4668-BE54-9A1E7A4F7556}") = "Modules.Translation", "Modules.Translation\Modules.Translation.csproj", "{008CE0E8-D40D-4300-8424-2F77C85C1BF0}"
EndProject
Global
	GlobalSection(SolutionConfigurationPlatforms) = preSolution
		Debug|Any CPU = Debug|Any CPU
		Release|Any CPU = Release|Any CPU
	EndGlobalSection
	GlobalSection(ProjectConfigurationPlatforms) = postSolution
		{48AC5A26-264C-4FF6-B6AF-20876034F1C2}.Debug|Any CPU.ActiveCfg = Debug|Any CPU
		{48AC5A26-264C-4FF6-B6AF-20876034F1C2}.Debug|Any CPU.Build.0 = Debug|Any CPU
		{48AC5A26-264C-4FF6-B6AF-20876034F1C2}.Release|Any CPU.ActiveCfg = Release|Any CPU
		{48AC5A26-264C-4FF6-B6AF-20876034F1C2}.Release|Any CPU.Build.0 = Release|Any CPU
		{4E3F63A9-DE6C-42E6-BD1A-4B8736D8F8C3}.Debug|Any CPU.ActiveCfg = Debug|Any CPU
		{4E3F63A9-DE6C-42E6-BD1A-4B8736D8F8C3}.Debug|Any CPU.Build.0 = Debug|Any CPU
		{4E3F63A9-DE6C-42E6-BD1A-4B8736D8F8C3}.Release|Any CPU.ActiveCfg = Release|Any CPU
		{4E3F63A9-DE6C-42E6-BD1A-4B8736D8F8C3}.Release|Any CPU.Build.0 = Release|Any CPU
		{008CE0E8-D40D-4300-8424-2F77C85C1BF0}.Debug|Any CPU.ActiveCfg = Debug|Any CPU
		{008CE0E8-D40D-4300-8424-2F77C85C1BF0}.Debug|Any CPU.Build.0 = Debug|Any CPU
		{008CE0E8-D40D-4300-8424-2F77C85C1BF0}.Release|Any CPU.ActiveCfg = Release|Any CPU
		{008CE0E8-D40D-4300-8424-2F77C85C1BF0}.Release|Any CPU.Build.0 = Release|Any CPU
	EndGlobalSection
	GlobalSection(SolutionProperties) = preSolution
		HideSolutionNode = FALSE
	EndGlobalSection
	GlobalSection(ExtensibilityGlobals) = postSolution
		SolutionGuid = {F3589732-FA93-4413-ADDF-75941F2EB729}
	EndGlobalSection
EndGlobal
